
Microsoft Visual Studio Solution File, Format Version 12.00
# Visual Studio Version 17
VisualStudioVersion = 17.0.32112.339
MinimumVisualStudioVersion = 10.0.40219.1
Project("{FAE04EC0-301F-11D3-BF4B-00C04F79EFBC}") = "SendMessToRabbitLocal", "SendMessToRabbitLocal\SendMessToRabbitLocal.csproj", "{57DEBDEA-A688-46CA-B52D-F26DD78ED7DC}"
EndProject
Global
	GlobalSection(SolutionConfigurationPlatforms) = preSolution
		Debug|Any CPU = Debug|Any CPU
		Release|Any CPU = Release|Any CPU
	EndGlobalSection
	GlobalSection(ProjectConfigurationPlatforms) = postSolution
		{57DEBDEA-A688-46CA-B52D-F26DD78ED7DC}.Debug|Any CPU.ActiveCfg = Debug|Any CPU
		{57DEBDEA-A688-46CA-B52D-F26DD78ED7DC}.Debug|Any CPU.Build.0 = Debug|Any CPU
		{57DEBDEA-A688-46CA-B52D-F26DD78ED7DC}.Release|Any CPU.ActiveCfg = Release|Any CPU
		{57DEBDEA-A688-46CA-B52D-F26DD78ED7DC}.Release|Any CPU.Build.0 = Release|Any CPU
	EndGlobalSection
	GlobalSection(SolutionProperties) = preSolution
		HideSolutionNode = FALSE
	EndGlobalSection
	GlobalSection(ExtensibilityGlobals) = postSolution
		SolutionGuid = {DCE4546E-E461-4C53-8939-320EEEC2B586}
	EndGlobalSection
EndGlobal
